
Microsoft Visual Studio Solution File, Format Version 12.00
# Visual Studio Version 17
VisualStudioVersion = 17.0.31903.59
MinimumVisualStudioVersion = 10.0.40219.1
Project("{2150E333-8FDC-42A3-9474-1A3956D46DE8}") = "src", "src", "{827E0CD3-B72D-47B6-A68D-7590B98EB39B}"
EndProject
Project("{FAE04EC0-301F-11D3-BF4B-00C04F79EFBC}") = "Fidelizar.Domain", "src\Fidelizar.Domain\Fidelizar.Domain.csproj", "{EC6B7184-61FC-4563-A0AC-07671605F036}"
EndProject
Project("{FAE04EC0-301F-11D3-BF4B-00C04F79EFBC}") = "Fidelizar.Application", "src\Fidelizar.Application\Fidelizar.Application.csproj", "{98F96318-12F4-40B5-81E0-41CDFBD45227}"
EndProject
Project("{FAE04EC0-301F-11D3-BF4B-00C04F79EFBC}") = "Fidelizar.Infrastructure", "src\Fidelizar.Infrastructure\Fidelizar.Infrastructure.csproj", "{952195F6-772D-4C9A-ADAF-97EAB04AB65B}"
EndProject
Project("{FAE04EC0-301F-11D3-BF4B-00C04F79EFBC}") = "Fidelizar.Shared", "src\Fidelizar.Shared\Fidelizar.Shared.csproj", "{89E44060-ACAD-4A8E-A016-9D7E165748CE}"
EndProject
Project("{FAE04EC0-301F-11D3-BF4B-00C04F79EFBC}") = "Fidelizar.Api", "src\Fidelizar.Api\Fidelizar.Api.csproj", "{FC72509F-CD4C-42D3-A892-4C0DD9A4648E}"
EndProject
Project("{FAE04EC0-301F-11D3-BF4B-00C04F79EFBC}") = "Fidelizar.Client", "src\Fidelizar.Client\Fidelizar.Client.csproj", "{7DCAE399-92E3-4874-94E1-CA839DD8D20F}"
EndProject
Project("{2150E333-8FDC-42A3-9474-1A3956D46DE8}") = "tests", "tests", "{0AB3BF05-4346-4AA6-1389-037BE0695223}"
EndProject
Project("{FAE04EC0-301F-11D3-BF4B-00C04F79EFBC}") = "Fidelizar.Domain.Tests", "tests\Fidelizar.Domain.Tests\Fidelizar.Domain.Tests.csproj", "{08A9FB1E-9122-4CB3-A896-8C5842CD3D3D}"
EndProject
Project("{FAE04EC0-301F-11D3-BF4B-00C04F79EFBC}") = "Fidelizar.Application.Tests", "tests\Fidelizar.Application.Tests\Fidelizar.Application.Tests.csproj", "{B61964DE-EF06-4100-913E-AED2BEE9350C}"
EndProject
Project("{FAE04EC0-301F-11D3-BF4B-00C04F79EFBC}") = "Fidelizar.Infrastructure.Tests", "tests\Fidelizar.Infrastructure.Tests\Fidelizar.Infrastructure.Tests.csproj", "{0CDAC297-4888-448A-B199-59DA8F13D7C9}"
EndProject
Project("{FAE04EC0-301F-11D3-BF4B-00C04F79EFBC}") = "Fidelizar.Api.Tests", "tests\Fidelizar.Api.Tests\Fidelizar.Api.Tests.csproj", "{1FF2ACB0-15DF-4BB3-A714-EA19723303F9}"
EndProject
Project("{2150E333-8FDC-42A3-9474-1A3956D46DE8}") = "tools", "tools", "{07C2787E-EAC7-C090-1BA3-A61EC2A24D84}"
EndProject
Project("{FAE04EC0-301F-11D3-BF4B-00C04F79EFBC}") = "Fidelizar.MigracionOctaviano", "tools\Fidelizar.MigracionOctaviano\Fidelizar.MigracionOctaviano.csproj", "{A9E6D85E-AEC5-4249-9681-D2F5F7ADCFB6}"
EndProject
Project("{FAE04EC0-301F-11D3-BF4B-00C04F79EFBC}") = "Fidelizar.MigracionOctaviano.Tests", "tests\Fidelizar.MigracionOctaviano.Tests\Fidelizar.MigracionOctaviano.Tests.csproj", "{0A7D3822-AFD4-4B00-B99E-34DC27BE8CC2}"
EndProject
Project("{FAE04EC0-301F-11D3-BF4B-00C04F79EFBC}") = "Fidelizar.VerificacionGate", "tools\Fidelizar.VerificacionGate\Fidelizar.VerificacionGate.csproj", "{524BC6A7-AC24-45BB-8A3F-FD019C2F14E3}"
EndProject
Project("{FAE04EC0-301F-11D3-BF4B-00C04F79EFBC}") = "Fidelizar.VerificacionGate.Tests", "tests\Fidelizar.VerificacionGate.Tests\Fidelizar.VerificacionGate.Tests.csproj", "{6297059D-D90D-4149-BF6A-4725FC989FE3}"
EndProject
Global
	GlobalSection(SolutionConfigurationPlatforms) = preSolution
		Debug|Any CPU = Debug|Any CPU
		Debug|x64 = Debug|x64
		Debug|x86 = Debug|x86
		Release|Any CPU = Release|Any CPU
		Release|x64 = Release|x64
		Release|x86 = Release|x86
	EndGlobalSection
	GlobalSection(ProjectConfigurationPlatforms) = postSolution
		{EC6B7184-61FC-4563-A0AC-07671605F036}.Debug|Any CPU.ActiveCfg = Debug|Any CPU
		{EC6B7184-61FC-4563-A0AC-07671605F036}.Debug|Any CPU.Build.0 = Debug|Any CPU
		{EC6B7184-61FC-4563-A0AC-07671605F036}.Debug|x64.ActiveCfg = Debug|Any CPU
		{EC6B7184-61FC-4563-A0AC-07671605F036}.Debug|x64.Build.0 = Debug|Any CPU
		{EC6B7184-61FC-4563-A0AC-07671605F036}.Debug|x86.ActiveCfg = Debug|Any CPU
		{EC6B7184-61FC-4563-A0AC-07671605F036}.Debug|x86.Build.0 = Debug|Any CPU
		{EC6B7184-61FC-4563-A0AC-07671605F036}.Release|Any CPU.ActiveCfg = Release|Any CPU
		{EC6B7184-61FC-4563-A0AC-07671605F036}.Release|Any CPU.Build.0 = Release|Any CPU
		{EC6B7184-61FC-4563-A0AC-07671605F036}.Release|x64.ActiveCfg = Release|Any CPU
		{EC6B7184-61FC-4563-A0AC-07671605F036}.Release|x64.Build.0 = Release|Any CPU
		{EC6B7184-61FC-4563-A0AC-07671605F036}.Release|x86.ActiveCfg = Release|Any CPU
		{EC6B7184-61FC-4563-A0AC-07671605F036}.Release|x86.Build.0 = Release|Any CPU
		{98F96318-12F4-40B5-81E0-41CDFBD45227}.Debug|Any CPU.ActiveCfg = Debug|Any CPU
		{98F96318-12F4-40B5-81E0-41CDFBD45227}.Debug|Any CPU.Build.0 = Debug|Any CPU
		{98F96318-12F4-40B5-81E0-41CDFBD45227}.Debug|x64.ActiveCfg = Debug|Any CPU
		{98F96318-12F4-40B5-81E0-41CDFBD45227}.Debug|x64.Build.0 = Debug|Any CPU
		{98F96318-12F4-40B5-81E0-41CDFBD45227}.Debug|x86.ActiveCfg = Debug|Any CPU
		{98F96318-12F4-40B5-81E0-41CDFBD45227}.Debug|x86.Build.0 = Debug|Any CPU
		{98F96318-12F4-40B5-81E0-41CDFBD45227}.Release|Any CPU.ActiveCfg = Release|Any CPU
		{98F96318-12F4-40B5-81E0-41CDFBD45227}.Release|Any CPU.Build.0 = Release|Any CPU
		{98F96318-12F4-40B5-81E0-41CDFBD45227}.Release|x64.ActiveCfg = Release|Any CPU
		{98F96318-12F4-40B5-81E0-41CDFBD45227}.Release|x64.Build.0 = Release|Any CPU
		{98F96318-12F4-40B5-81E0-41CDFBD45227}.Release|x86.ActiveCfg = Release|Any CPU
		{98F96318-12F4-40B5-81E0-41CDFBD45227}.Release|x86.Build.0 = Release|Any CPU
		{952195F6-772D-4C9A-ADAF-97EAB04AB65B}.Debug|Any CPU.ActiveCfg = Debug|Any CPU
		{952195F6-772D-4C9A-ADAF-97EAB04AB65B}.Debug|Any CPU.Build.0 = Debug|Any CPU
		{952195F6-772D-4C9A-ADAF-97EAB04AB65B}.Debug|x64.ActiveCfg = Debug|Any CPU
		{952195F6-772D-4C9A-ADAF-97EAB04AB65B}.Debug|x64.Build.0 = Debug|Any CPU
		{952195F6-772D-4C9A-ADAF-97EAB04AB65B}.Debug|x86.ActiveCfg = Debug|Any CPU
		{952195F6-772D-4C9A-ADAF-97EAB04AB65B}.Debug|x86.Build.0 = Debug|Any CPU
		{952195F6-772D-4C9A-ADAF-97EAB04AB65B}.Release|Any CPU.ActiveCfg = Release|Any CPU
		{952195F6-772D-4C9A-ADAF-97EAB04AB65B}.Release|Any CPU.Build.0 = Release|Any CPU
		{952195F6-772D-4C9A-ADAF-97EAB04AB65B}.Release|x64.ActiveCfg = Release|Any CPU
		{952195F6-772D-4C9A-ADAF-97EAB04AB65B}.Release|x64.Build.0 = Release|Any CPU
		{952195F6-772D-4C9A-ADAF-97EAB04AB65B}.Release|x86.ActiveCfg = Release|Any CPU
		{952195F6-772D-4C9A-ADAF-97EAB04AB65B}.Release|x86.Build.0 = Release|Any CPU
		{89E44060-ACAD-4A8E-A016-9D7E165748CE}.Debug|Any CPU.ActiveCfg = Debug|Any CPU
		{89E44060-ACAD-4A8E-A016-9D7E165748CE}.Debug|Any CPU.Build.0 = Debug|Any CPU
		{89E44060-ACAD-4A8E-A016-9D7E165748CE}.Debug|x64.ActiveCfg = Debug|Any CPU
		{89E44060-ACAD-4A8E-A016-9D7E165748CE}.Debug|x64.Build.0 = Debug|Any CPU
		{89E44060-ACAD-4A8E-A016-9D7E165748CE}.Debug|x86.ActiveCfg = Debug|Any CPU
		{89E44060-ACAD-4A8E-A016-9D7E165748CE}.Debug|x86.Build.0 = Debug|Any CPU
		{89E44060-ACAD-4A8E-A016-9D7E165748CE}.Release|Any CPU.ActiveCfg = Release|Any CPU
		{89E44060-ACAD-4A8E-A016-9D7E165748CE}.Release|Any CPU.Build.0 = Release|Any CPU
		{89E44060-ACAD-4A8E-A016-9D7E165748CE}.Release|x64.ActiveCfg = Release|Any CPU
		{89E44060-ACAD-4A8E-A016-9D7E165748CE}.Release|x64.Build.0 = Release|Any CPU
		{89E44060-ACAD-4A8E-A016-9D7E165748CE}.Release|x86.ActiveCfg = Release|Any CPU
		{89E44060-ACAD-4A8E-A016-9D7E165748CE}.Release|x86.Build.0 = Release|Any CPU
		{FC72509F-CD4C-42D3-A892-4C0DD9A4648E}.Debug|Any CPU.ActiveCfg = Debug|Any CPU
		{FC72509F-CD4C-42D3-A892-4C0DD9A4648E}.Debug|Any CPU.Build.0 = Debug|Any CPU
		{FC72509F-CD4C-42D3-A892-4C0DD9A4648E}.Debug|x64.ActiveCfg = Debug|Any CPU
		{FC72509F-CD4C-42D3-A892-4C0DD9A4648E}.Debug|x64.Build.0 = Debug|Any CPU
		{FC72509F-CD4C-42D3-A892-4C0DD9A4648E}.Debug|x86.ActiveCfg = Debug|Any CPU
		{FC72509F-CD4C-42D3-A892-4C0DD9A4648E}.Debug|x86.Build.0 = Debug|Any CPU
		{FC72509F-CD4C-42D3-A892-4C0DD9A4648E}.Release|Any CPU.ActiveCfg = Release|Any CPU
		{FC72509F-CD4C-42D3-A892-4C0DD9A4648E}.Release|Any CPU.Build.0 = Release|Any CPU
		{FC72509F-CD4C-42D3-A892-4C0DD9A4648E}.Release|x64.ActiveCfg = Release|Any CPU
		{FC72509F-CD4C-42D3-A892-4C0DD9A4648E}.Release|x64.Build.0 = Release|Any CPU
		{FC72509F-CD4C-42D3-A892-4C0DD9A4648E}.Release|x86.ActiveCfg = Release|Any CPU
		{FC72509F-CD4C-42D3-A892-4C0DD9A4648E}.Release|x86.Build.0 = Release|Any CPU
		{7DCAE399-92E3-4874-94E1-CA839DD8D20F}.Debug|Any CPU.ActiveCfg = Debug|Any CPU
		{7DCAE399-92E3-4874-94E1-CA839DD8D20F}.Debug|Any CPU.Build.0 = Debug|Any CPU
		{7DCAE399-92E3-4874-94E1-CA839DD8D20F}.Debug|x64.ActiveCfg = Debug|Any CPU
		{7DCAE399-92E3-4874-94E1-CA839DD8D20F}.Debug|x64.Build.0 = Debug|Any CPU
		{7DCAE399-92E3-4874-94E1-CA839DD8D20F}.Debug|x86.ActiveCfg = Debug|Any CPU
		{7DCAE399-92E3-4874-94E1-CA839DD8D20F}.Debug|x86.Build.0 = Debug|Any CPU
		{7DCAE399-92E3-4874-94E1-CA839DD8D20F}.Release|Any CPU.ActiveCfg = Release|Any CPU
		{7DCAE399-92E3-4874-94E1-CA839DD8D20F}.Release|Any CPU.Build.0 = Release|Any CPU
		{7DCAE399-92E3-4874-94E1-CA839DD8D20F}.Release|x64.ActiveCfg = Release|Any CPU
		{7DCAE399-92E3-4874-94E1-CA839DD8D20F}.Release|x64.Build.0 = Release|Any CPU
		{7DCAE399-92E3-4874-94E1-CA839DD8D20F}.Release|x86.ActiveCfg = Release|Any CPU
		{7DCAE399-92E3-4874-94E1-CA839DD8D20F}.Release|x86.Build.0 = Release|Any CPU
		{08A9FB1E-9122-4CB3-A896-8C5842CD3D3D}.Debug|Any CPU.ActiveCfg = Debug|Any CPU
		{08A9FB1E-9122-4CB3-A896-8C5842CD3D3D}.Debug|Any CPU.Build.0 = Debug|Any CPU
		{08A9FB1E-9122-4CB3-A896-8C5842CD3D3D}.Debug|x64.ActiveCfg = Debug|Any CPU
		{08A9FB1E-9122-4CB3-A896-8C5842CD3D3D}.Debug|x64.Build.0 = Debug|Any CPU
		{08A9FB1E-9122-4CB3-A896-8C5842CD3D3D}.Debug|x86.ActiveCfg = Debug|Any CPU
		{08A9FB1E-9122-4CB3-A896-8C5842CD3D3D}.Debug|x86.Build.0 = Debug|Any CPU
		{08A9FB1E-9122-4CB3-A896-8C5842CD3D3D}.Release|Any CPU.ActiveCfg = Release|Any CPU
		{08A9FB1E-9122-4CB3-A896-8C5842CD3D3D}.Release|Any CPU.Build.0 = Release|Any CPU
		{08A9FB1E-9122-4CB3-A896-8C5842CD3D3D}.Release|x64.ActiveCfg = Release|Any CPU
		{08A9FB1E-9122-4CB3-A896-8C5842CD3D3D}.Release|x64.Build.0 = Release|Any CPU
		{08A9FB1E-9122-4CB3-A896-8C5842CD3D3D}.Release|x86.ActiveCfg = Release|Any CPU
		{08A9FB1E-9122-4CB3-A896-8C5842CD3D3D}.Release|x86.Build.0 = Release|Any CPU
		{B61964DE-EF06-4100-913E-AED2BEE9350C}.Debug|Any CPU.ActiveCfg = Debug|Any CPU
		{B61964DE-EF06-4100-913E-AED2BEE9350C}.Debug|Any CPU.Build.0 = Debug|Any CPU
		{B61964DE-EF06-4100-913E-AED2BEE9350C}.Debug|x64.ActiveCfg = Debug|Any CPU
		{B61964DE-EF06-4100-913E-AED2BEE9350C}.Debug|x64.Build.0 = Debug|Any CPU
		{B61964DE-EF06-4100-913E-AED2BEE9350C}.Debug|x86.ActiveCfg = Debug|Any CPU
		{B61964DE-EF06-4100-913E-AED2BEE9350C}.Debug|x86.Build.0 = Debug|Any CPU
		{B61964DE-EF06-4100-913E-AED2BEE9350C}.Release|Any CPU.ActiveCfg = Release|Any CPU
		{B61964DE-EF06-4100-913E-AED2BEE9350C}.Release|Any CPU.Build.0 = Release|Any CPU
		{B61964DE-EF06-4100-913E-AED2BEE9350C}.Release|x64.ActiveCfg = Release|Any CPU
		{B61964DE-EF06-4100-913E-AED2BEE9350C}.Release|x64.Build.0 = Release|Any CPU
		{B61964DE-EF06-4100-913E-AED2BEE9350C}.Release|x86.ActiveCfg = Release|Any CPU
		{B61964DE-EF06-4100-913E-AED2BEE9350C}.Release|x86.Build.0 = Release|Any CPU
		{0CDAC297-4888-448A-B199-59DA8F13D7C9}.Debug|Any CPU.ActiveCfg = Debug|Any CPU
		{0CDAC297-4888-448A-B199-59DA8F13D7C9}.Debug|Any CPU.Build.0 = Debug|Any CPU
		{0CDAC297-4888-448A-B199-59DA8F13D7C9}.Debug|x64.ActiveCfg = Debug|Any CPU
		{0CDAC297-4888-448A-B199-59DA8F13D7C9}.Debug|x64.Build.0 = Debug|Any CPU
		{0CDAC297-4888-448A-B199-59DA8F13D7C9}.Debug|x86.ActiveCfg = Debug|Any CPU
		{0CDAC297-4888-448A-B199-59DA8F13D7C9}.Debug|x86.Build.0 = Debug|Any CPU
		{0CDAC297-4888-448A-B199-59DA8F13D7C9}.Release|Any CPU.ActiveCfg = Release|Any CPU
		{0CDAC297-4888-448A-B199-59DA8F13D7C9}.Release|Any CPU.Build.0 = Release|Any CPU
		{0CDAC297-4888-448A-B199-59DA8F13D7C9}.Release|x64.ActiveCfg = Release|Any CPU
		{0CDAC297-4888-448A-B199-59DA8F13D7C9}.Release|x64.Build.0 = Release|Any CPU
		{0CDAC297-4888-448A-B199-59DA8F13D7C9}.Release|x86.ActiveCfg = Release|Any CPU
		{0CDAC297-4888-448A-B199-59DA8F13D7C9}.Release|x86.Build.0 = Release|Any CPU
		{1FF2ACB0-15DF-4BB3-A714-EA19723303F9}.Debug|Any CPU.ActiveCfg = Debug|Any CPU
		{1FF2ACB0-15DF-4BB3-A714-EA19723303F9}.Debug|Any CPU.Build.0 = Debug|Any CPU
		{1FF2ACB0-15DF-4BB3-A714-EA19723303F9}.Debug|x64.ActiveCfg = Debug|Any CPU
		{1FF2ACB0-15DF-4BB3-A714-EA19723303F9}.Debug|x64.Build.0 = Debug|Any CPU
		{1FF2ACB0-15DF-4BB3-A714-EA19723303F9}.Debug|x86.ActiveCfg = Debug|Any CPU
		{1FF2ACB0-15DF-4BB3-A714-EA19723303F9}.Debug|x86.Build.0 = Debug|Any CPU
		{1FF2ACB0-15DF-4BB3-A714-EA19723303F9}.Release|Any CPU.ActiveCfg = Release|Any CPU
		{1FF2ACB0-15DF-4BB3-A714-EA19723303F9}.Release|Any CPU.Build.0 = Release|Any CPU
		{1FF2ACB0-15DF-4BB3-A714-EA19723303F9}.Release|x64.ActiveCfg = Release|Any CPU
		{1FF2ACB0-15DF-4BB3-A714-EA19723303F9}.Release|x64.Build.0 = Release|Any CPU
		{1FF2ACB0-15DF-4BB3-A714-EA19723303F9}.Release|x86.ActiveCfg = Release|Any CPU
		{1FF2ACB0-15DF-4BB3-A714-EA19723303F9}.Release|x86.Build.0 = Release|Any CPU
		{A9E6D85E-AEC5-4249-9681-D2F5F7ADCFB6}.Debug|Any CPU.ActiveCfg = Debug|Any CPU
		{A9E6D85E-AEC5-4249-9681-D2F5F7ADCFB6}.Debug|Any CPU.Build.0 = Debug|Any CPU
		{A9E6D85E-AEC5-4249-9681-D2F5F7ADCFB6}.Debug|x64.ActiveCfg = Debug|Any CPU
		{A9E6D85E-AEC5-4249-9681-D2F5F7ADCFB6}.Debug|x64.Build.0 = Debug|Any CPU
		{A9E6D85E-AEC5-4249-9681-D2F5F7ADCFB6}.Debug|x86.ActiveCfg = Debug|Any CPU
		{A9E6D85E-AEC5-4249-9681-D2F5F7ADCFB6}.Debug|x86.Build.0 = Debug|Any CPU
		{A9E6D85E-AEC5-4249-9681-D2F5F7ADCFB6}.Release|Any CPU.ActiveCfg = Release|Any CPU
		{A9E6D85E-AEC5-4249-9681-D2F5F7ADCFB6}.Release|Any CPU.Build.0 = Release|Any CPU
		{A9E6D85E-AEC5-4249-9681-D2F5F7ADCFB6}.Release|x64.ActiveCfg = Release|Any CPU
		{A9E6D85E-AEC5-4249-9681-D2F5F7ADCFB6}.Release|x64.Build.0 = Release|Any CPU
		{A9E6D85E-AEC5-4249-9681-D2F5F7ADCFB6}.Release|x86.ActiveCfg = Release|Any CPU
		{A9E6D85E-AEC5-4249-9681-D2F5F7ADCFB6}.Release|x86.Build.0 = Release|Any CPU
		{0A7D3822-AFD4-4B00-B99E-34DC27BE8CC2}.Debug|Any CPU.ActiveCfg = Debug|Any CPU
		{0A7D3822-AFD4-4B00-B99E-34DC27BE8CC2}.Debug|Any CPU.Build.0 = Debug|Any CPU
		{0A7D3822-AFD4-4B00-B99E-34DC27BE8CC2}.Debug|x64.ActiveCfg = Debug|Any CPU
		{0A7D3822-AFD4-4B00-B99E-34DC27BE8CC2}.Debug|x64.Build.0 = Debug|Any CPU
		{0A7D3822-AFD4-4B00-B99E-34DC27BE8CC2}.Debug|x86.ActiveCfg = Debug|Any CPU
		{0A7D3822-AFD4-4B00-B99E-34DC27BE8CC2}.Debug|x86.Build.0 = Debug|Any CPU
		{0A7D3822-AFD4-4B00-B99E-34DC27BE8CC2}.Release|Any CPU.ActiveCfg = Release|Any CPU
		{0A7D3822-AFD4-4B00-B99E-34DC27BE8CC2}.Release|Any CPU.Build.0 = Release|Any CPU
		{0A7D3822-AFD4-4B00-B99E-34DC27BE8CC2}.Release|x64.ActiveCfg = Release|Any CPU
		{0A7D3822-AFD4-4B00-B99E-34DC27BE8CC2}.Release|x64.Build.0 = Release|Any CPU
		{0A7D3822-AFD4-4B00-B99E-34DC27BE8CC2}.Release|x86.ActiveCfg = Release|Any CPU
		{0A7D3822-AFD4-4B00-B99E-34DC27BE8CC2}.Release|x86.Build.0 = Release|Any CPU
		{524BC6A7-AC24-45BB-8A3F-FD019C2F14E3}.Debug|Any CPU.ActiveCfg = Debug|Any CPU
		{524BC6A7-AC24-45BB-8A3F-FD019C2F14E3}.Debug|Any CPU.Build.0 = Debug|Any CPU
		{524BC6A7-AC24-45BB-8A3F-FD019C2F14E3}.Debug|x64.ActiveCfg = Debug|Any CPU
		{524BC6A7-AC24-45BB-8A3F-FD019C2F14E3}.Debug|x64.Build.0 = Debug|Any CPU
		{524BC6A7-AC24-45BB-8A3F-FD019C2F14E3}.Debug|x86.ActiveCfg = Debug|Any CPU
		{524BC6A7-AC24-45BB-8A3F-FD019C2F14E3}.Debug|x86.Build.0 = Debug|Any CPU
		{524BC6A7-AC24-45BB-8A3F-FD019C2F14E3}.Release|Any CPU.ActiveCfg = Release|Any CPU
		{524BC6A7-AC24-45BB-8A3F-FD019C2F14E3}.Release|Any CPU.Build.0 = Release|Any CPU
		{524BC6A7-AC24-45BB-8A3F-FD019C2F14E3}.Release|x64.ActiveCfg = Release|Any CPU
		{524BC6A7-AC24-45BB-8A3F-FD019C2F14E3}.Release|x64.Build.0 = Release|Any CPU
		{524BC6A7-AC24-45BB-8A3F-FD019C2F14E3}.Release|x86.ActiveCfg = Release|Any CPU
		{524BC6A7-AC24-45BB-8A3F-FD019C2F14E3}.Release|x86.Build.0 = Release|Any CPU
		{6297059D-D90D-4149-BF6A-4725FC989FE3}.Debug|Any CPU.ActiveCfg = Debug|Any CPU
		{6297059D-D90D-4149-BF6A-4725FC989FE3}.Debug|Any CPU.Build.0 = Debug|Any CPU
		{6297059D-D90D-4149-BF6A-4725FC989FE3}.Debug|x64.ActiveCfg = Debug|Any CPU
		{6297059D-D90D-4149-BF6A-4725FC989FE3}.Debug|x64.Build.0 = Debug|Any CPU
		{6297059D-D90D-4149-BF6A-4725FC989FE3}.Debug|x86.ActiveCfg = Debug|Any CPU
		{6297059D-D90D-4149-BF6A-4725FC989FE3}.Debug|x86.Build.0 = Debug|Any CPU
		{6297059D-D90D-4149-BF6A-4725FC989FE3}.Release|Any CPU.ActiveCfg = Release|Any CPU
		{6297059D-D90D-4149-BF6A-4725FC989FE3}.Release|Any CPU.Build.0 = Release|Any CPU
		{6297059D-D90D-4149-BF6A-4725FC989FE3}.Release|x64.ActiveCfg = Release|Any CPU
		{6297059D-D90D-4149-BF6A-4725FC989FE3}.Release|x64.Build.0 = Release|Any CPU
		{6297059D-D90D-4149-BF6A-4725FC989FE3}.Release|x86.ActiveCfg = Release|Any CPU
		{6297059D-D90D-4149-BF6A-4725FC989FE3}.Release|x86.Build.0 = Release|Any CPU
	EndGlobalSection
	GlobalSection(SolutionProperties) = preSolution
		HideSolutionNode = FALSE
	EndGlobalSection
	GlobalSection(NestedProjects) = preSolution
		{EC6B7184-61FC-4563-A0AC-07671605F036} = {827E0CD3-B72D-47B6-A68D-7590B98EB39B}
		{98F96318-12F4-40B5-81E0-41CDFBD45227} = {827E0CD3-B72D-47B6-A68D-7590B98EB39B}
		{952195F6-772D-4C9A-ADAF-97EAB04AB65B} = {827E0CD3-B72D-47B6-A68D-7590B98EB39B}
		{89E44060-ACAD-4A8E-A016-9D7E165748CE} = {827E0CD3-B72D-47B6-A68D-7590B98EB39B}
		{FC72509F-CD4C-42D3-A892-4C0DD9A4648E} = {827E0CD3-B72D-47B6-A68D-7590B98EB39B}
		{7DCAE399-92E3-4874-94E1-CA839DD8D20F} = {827E0CD3-B72D-47B6-A68D-7590B98EB39B}
		{08A9FB1E-9122-4CB3-A896-8C5842CD3D3D} = {0AB3BF05-4346-4AA6-1389-037BE0695223}
		{B61964DE-EF06-4100-913E-AED2BEE9350C} = {0AB3BF05-4346-4AA6-1389-037BE0695223}
		{0CDAC297-4888-448A-B199-59DA8F13D7C9} = {0AB3BF05-4346-4AA6-1389-037BE0695223}
		{1FF2ACB0-15DF-4BB3-A714-EA19723303F9} = {0AB3BF05-4346-4AA6-1389-037BE0695223}
		{A9E6D85E-AEC5-4249-9681-D2F5F7ADCFB6} = {07C2787E-EAC7-C090-1BA3-A61EC2A24D84}
		{0A7D3822-AFD4-4B00-B99E-34DC27BE8CC2} = {0AB3BF05-4346-4AA6-1389-037BE0695223}
		{524BC6A7-AC24-45BB-8A3F-FD019C2F14E3} = {07C2787E-EAC7-C090-1BA3-A61EC2A24D84}
		{6297059D-D90D-4149-BF6A-4725FC989FE3} = {0AB3BF05-4346-4AA6-1389-037BE0695223}
	EndGlobalSection
EndGlobal
